
Microsoft Visual Studio Solution File, Format Version 12.00
# Visual Studio Version 16
VisualStudioVersion = 16.0.30611.23
MinimumVisualStudioVersion = 10.0.40219.1
Project("{8BC9CEB8-8B4A-11D0-8D11-00A0C91BC942}") = "lab17_4", "lab17_4\lab17_4.vcxproj", "{407EAAC5-6B57-4EA3-8C3C-2C68A541A0BC}"
EndProject
Global
	GlobalSection(SolutionConfigurationPlatforms) = preSolution
		Debug|x64 = Debug|x64
		Debug|x86 = Debug|x86
		Release|x64 = Release|x64
		Release|x86 = Release|x86
	EndGlobalSection
	GlobalSection(ProjectConfigurationPlatforms) = postSolution
		{407EAAC5-6B57-4EA3-8C3C-2C68A541A0BC}.Debug|x64.ActiveCfg = Debug|x64
		{407EAAC5-6B57-4EA3-8C3C-2C68A541A0BC}.Debug|x64.Build.0 = Debug|x64
		{407EAAC5-6B57-4EA3-8C3C-2C68A541A0BC}.Debug|x86.ActiveCfg = Debug|Win32
		{407EAAC5-6B57-4EA3-8C3C-2C68A541A0BC}.Debug|x86.Build.0 = Debug|Win32
		{407EAAC5-6B57-4EA3-8C3C-2C68A541A0BC}.Release|x64.ActiveCfg = Release|x64
		{407EAAC5-6B57-4EA3-8C3C-2C68A541A0BC}.Release|x64.Build.0 = Release|x64
		{407EAAC5-6B57-4EA3-8C3C-2C68A541A0BC}.Release|x86.ActiveCfg = Release|Win32
		{407EAAC5-6B57-4EA3-8C3C-2C68A541A0BC}.Release|x86.Build.0 = Release|Win32
	EndGlobalSection
	GlobalSection(SolutionProperties) = preSolution
		HideSolutionNode = FALSE
	EndGlobalSection
	GlobalSection(ExtensibilityGlobals) = postSolution
		SolutionGuid = {63CA6147-00BD-4474-AC0A-219833203313}
	EndGlobalSection
EndGlobal
