
Microsoft Visual Studio Solution File, Format Version 12.00
# Visual Studio Version 16
VisualStudioVersion = 16.0.30611.23
MinimumVisualStudioVersion = 10.0.40219.1
Project("{8BC9CEB8-8B4A-11D0-8D11-00A0C91BC942}") = "lab18_4", "lab18_4\lab18_4.vcxproj", "{004460A3-EFEA-4505-B4A2-40AF6076260A}"
EndProject
Global
	GlobalSection(SolutionConfigurationPlatforms) = preSolution
		Debug|x64 = Debug|x64
		Debug|x86 = Debug|x86
		Release|x64 = Release|x64
		Release|x86 = Release|x86
	EndGlobalSection
	GlobalSection(ProjectConfigurationPlatforms) = postSolution
		{004460A3-EFEA-4505-B4A2-40AF6076260A}.Debug|x64.ActiveCfg = Debug|x64
		{004460A3-EFEA-4505-B4A2-40AF6076260A}.Debug|x64.Build.0 = Debug|x64
		{004460A3-EFEA-4505-B4A2-40AF6076260A}.Debug|x86.ActiveCfg = Debug|Win32
		{004460A3-EFEA-4505-B4A2-40AF6076260A}.Debug|x86.Build.0 = Debug|Win32
		{004460A3-EFEA-4505-B4A2-40AF6076260A}.Release|x64.ActiveCfg = Release|x64
		{004460A3-EFEA-4505-B4A2-40AF6076260A}.Release|x64.Build.0 = Release|x64
		{004460A3-EFEA-4505-B4A2-40AF6076260A}.Release|x86.ActiveCfg = Release|Win32
		{004460A3-EFEA-4505-B4A2-40AF6076260A}.Release|x86.Build.0 = Release|Win32
	EndGlobalSection
	GlobalSection(SolutionProperties) = preSolution
		HideSolutionNode = FALSE
	EndGlobalSection
	GlobalSection(ExtensibilityGlobals) = postSolution
		SolutionGuid = {A4639E22-539A-4CE6-A46F-B31C9B3DE7E5}
	EndGlobalSection
EndGlobal
